
Microsoft Visual Studio Solution File, Format Version 12.00
# Visual Studio Version 16
VisualStudioVersion = 16.0.30114.128
MinimumVisualStudioVersion = 10.0.40219.1
Project("{9A19103F-16F7-4668-BE54-9A1E7A4F7556}") = "ShopCET45.Common", "ShopCET45.Common\ShopCET45.Common.csproj", "{3B67DC85-F987-45C6-9C7D-4FAF0F5AFD05}"
EndProject
Project("{9A19103F-16F7-4668-BE54-9A1E7A4F7556}") = "ShopCET45.Web", "ShopCET45.Web\ShopCET45.Web.csproj", "{844D2F73-C093-4379-B236-88B3E3F53A78}"
EndProject
Project("{FAE04EC0-301F-11D3-BF4B-00C04F79EFBC}") = "ShopCET45.Prism", "ShopCET45.Prism\ShopCET45.Prism\ShopCET45.Prism.csproj", "{D90ED742-7AEC-430F-8DA2-5B088C47C712}"
EndProject
Project("{FAE04EC0-301F-11D3-BF4B-00C04F79EFBC}") = "ShopCET45.Prism.Android", "ShopCET45.Prism\ShopCET45.Prism.Android\ShopCET45.Prism.Android.csproj", "{0B21B9E6-B0A4-4FF0-A76A-F9E139EE4BAA}"
EndProject
Project("{FAE04EC0-301F-11D3-BF4B-00C04F79EFBC}") = "ShopCET45.Prism.iOS", "ShopCET45.Prism\ShopCET45.Prism.iOS\ShopCET45.Prism.iOS.csproj", "{44D8FE1C-1539-445D-8178-876B514338D4}"
EndProject
Global
	GlobalSection(SolutionConfigurationPlatforms) = preSolution
		Ad-Hoc|Any CPU = Ad-Hoc|Any CPU
		Ad-Hoc|iPhone = Ad-Hoc|iPhone
		Ad-Hoc|iPhoneSimulator = Ad-Hoc|iPhoneSimulator
		AppStore|Any CPU = AppStore|Any CPU
		AppStore|iPhone = AppStore|iPhone
		AppStore|iPhoneSimulator = AppStore|iPhoneSimulator
		Debug|Any CPU = Debug|Any CPU
		Debug|iPhone = Debug|iPhone
		Debug|iPhoneSimulator = Debug|iPhoneSimulator
		Release|Any CPU = Release|Any CPU
		Release|iPhone = Release|iPhone
		Release|iPhoneSimulator = Release|iPhoneSimulator
	EndGlobalSection
	GlobalSection(ProjectConfigurationPlatforms) = postSolution
		{3B67DC85-F987-45C6-9C7D-4FAF0F5AFD05}.Ad-Hoc|Any CPU.ActiveCfg = Release|Any CPU
		{3B67DC85-F987-45C6-9C7D-4FAF0F5AFD05}.Ad-Hoc|Any CPU.Build.0 = Release|Any CPU
		{3B67DC85-F987-45C6-9C7D-4FAF0F5AFD05}.Ad-Hoc|iPhone.ActiveCfg = Release|Any CPU
		{3B67DC85-F987-45C6-9C7D-4FAF0F5AFD05}.Ad-Hoc|iPhone.Build.0 = Release|Any CPU
		{3B67DC85-F987-45C6-9C7D-4FAF0F5AFD05}.Ad-Hoc|iPhoneSimulator.ActiveCfg = Release|Any CPU
		{3B67DC85-F987-45C6-9C7D-4FAF0F5AFD05}.Ad-Hoc|iPhoneSimulator.Build.0 = Release|Any CPU
		{3B67DC85-F987-45C6-9C7D-4FAF0F5AFD05}.AppStore|Any CPU.ActiveCfg = Release|Any CPU
		{3B67DC85-F987-45C6-9C7D-4FAF0F5AFD05}.AppStore|Any CPU.Build.0 = Release|Any CPU
		{3B67DC85-F987-45C6-9C7D-4FAF0F5AFD05}.AppStore|iPhone.ActiveCfg = Release|Any CPU
		{3B67DC85-F987-45C6-9C7D-4FAF0F5AFD05}.AppStore|iPhone.Build.0 = Release|Any CPU
		{3B67DC85-F987-45C6-9C7D-4FAF0F5AFD05}.AppStore|iPhoneSimulator.ActiveCfg = Release|Any CPU
		{3B67DC85-F987-45C6-9C7D-4FAF0F5AFD05}.AppStore|iPhoneSimulator.Build.0 = Release|Any CPU
		{3B67DC85-F987-45C6-9C7D-4FAF0F5AFD05}.Debug|Any CPU.ActiveCfg = Debug|Any CPU
		{3B67DC85-F987-45C6-9C7D-4FAF0F5AFD05}.Debug|Any CPU.Build.0 = Debug|Any CPU
		{3B67DC85-F987-45C6-9C7D-4FAF0F5AFD05}.Debug|iPhone.ActiveCfg = Debug|Any CPU
		{3B67DC85-F987-45C6-9C7D-4FAF0F5AFD05}.Debug|iPhone.Build.0 = Debug|Any CPU
		{3B67DC85-F987-45C6-9C7D-4FAF0F5AFD05}.Debug|iPhoneSimulator.ActiveCfg = Debug|Any CPU
		{3B67DC85-F987-45C6-9C7D-4FAF0F5AFD05}.Debug|iPhoneSimulator.Build.0 = Debug|Any CPU
		{3B67DC85-F987-45C6-9C7D-4FAF0F5AFD05}.Release|Any CPU.ActiveCfg = Release|Any CPU
		{3B67DC85-F987-45C6-9C7D-4FAF0F5AFD05}.Release|Any CPU.Build.0 = Release|Any CPU
		{3B67DC85-F987-45C6-9C7D-4FAF0F5AFD05}.Release|iPhone.ActiveCfg = Release|Any CPU
		{3B67DC85-F987-45C6-9C7D-4FAF0F5AFD05}.Release|iPhone.Build.0 = Release|Any CPU
		{3B67DC85-F987-45C6-9C7D-4FAF0F5AFD05}.Release|iPhoneSimulator.ActiveCfg = Release|Any CPU
		{3B67DC85-F987-45C6-9C7D-4FAF0F5AFD05}.Release|iPhoneSimulator.Build.0 = Release|Any CPU
		{844D2F73-C093-4379-B236-88B3E3F53A78}.Ad-Hoc|Any CPU.ActiveCfg = Release|Any CPU
		{844D2F73-C093-4379-B236-88B3E3F53A78}.Ad-Hoc|Any CPU.Build.0 = Release|Any CPU
		{844D2F73-C093-4379-B236-88B3E3F53A78}.Ad-Hoc|iPhone.ActiveCfg = Release|Any CPU
		{844D2F73-C093-4379-B236-88B3E3F53A78}.Ad-Hoc|iPhone.Build.0 = Release|Any CPU
		{844D2F73-C093-4379-B236-88B3E3F53A78}.Ad-Hoc|iPhoneSimulator.ActiveCfg = Release|Any CPU
		{844D2F73-C093-4379-B236-88B3E3F53A78}.Ad-Hoc|iPhoneSimulator.Build.0 = Release|Any CPU
		{844D2F73-C093-4379-B236-88B3E3F53A78}.AppStore|Any CPU.ActiveCfg = Release|Any CPU
		{844D2F73-C093-4379-B236-88B3E3F53A78}.AppStore|Any CPU.Build.0 = Release|Any CPU
		{844D2F73-C093-4379-B236-88B3E3F53A78}.AppStore|iPhone.ActiveCfg = Release|Any CPU
		{844D2F73-C093-4379-B236-88B3E3F53A78}.AppStore|iPhone.Build.0 = Release|Any CPU
		{844D2F73-C093-4379-B236-88B3E3F53A78}.AppStore|iPhoneSimulator.ActiveCfg = Release|Any CPU
		{844D2F73-C093-4379-B236-88B3E3F53A78}.AppStore|iPhoneSimulator.Build.0 = Release|Any CPU
		{844D2F73-C093-4379-B236-88B3E3F53A78}.Debug|Any CPU.ActiveCfg = Debug|Any CPU
		{844D2F73-C093-4379-B236-88B3E3F53A78}.Debug|Any CPU.Build.0 = Debug|Any CPU
		{844D2F73-C093-4379-B236-88B3E3F53A78}.Debug|iPhone.ActiveCfg = Debug|Any CPU
		{844D2F73-C093-4379-B236-88B3E3F53A78}.Debug|iPhone.Build.0 = Debug|Any CPU
		{844D2F73-C093-4379-B236-88B3E3F53A78}.Debug|iPhoneSimulator.ActiveCfg = Debug|Any CPU
		{844D2F73-C093-4379-B236-88B3E3F53A78}.Debug|iPhoneSimulator.Build.0 = Debug|Any CPU
		{844D2F73-C093-4379-B236-88B3E3F53A78}.Release|Any CPU.ActiveCfg = Release|Any CPU
		{844D2F73-C093-4379-B236-88B3E3F53A78}.Release|Any CPU.Build.0 = Release|Any CPU
		{844D2F73-C093-4379-B236-88B3E3F53A78}.Release|iPhone.ActiveCfg = Release|Any CPU
		{844D2F73-C093-4379-B236-88B3E3F53A78}.Release|iPhone.Build.0 = Release|Any CPU
		{844D2F73-C093-4379-B236-88B3E3F53A78}.Release|iPhoneSimulator.ActiveCfg = Release|Any CPU
		{844D2F73-C093-4379-B236-88B3E3F53A78}.Release|iPhoneSimulator.Build.0 = Release|Any CPU
		{D90ED742-7AEC-430F-8DA2-5B088C47C712}.Ad-Hoc|Any CPU.ActiveCfg = Debug|Any CPU
		{D90ED742-7AEC-430F-8DA2-5B088C47C712}.Ad-Hoc|Any CPU.Build.0 = Debug|Any CPU
		{D90ED742-7AEC-430F-8DA2-5B088C47C712}.Ad-Hoc|iPhone.ActiveCfg = Debug|Any CPU
		{D90ED742-7AEC-430F-8DA2-5B088C47C712}.Ad-Hoc|iPhone.Build.0 = Debug|Any CPU
		{D90ED742-7AEC-430F-8DA2-5B088C47C712}.Ad-Hoc|iPhoneSimulator.ActiveCfg = Debug|Any CPU
		{D90ED742-7AEC-430F-8DA2-5B088C47C712}.Ad-Hoc|iPhoneSimulator.Build.0 = Debug|Any CPU
		{D90ED742-7AEC-430F-8DA2-5B088C47C712}.AppStore|Any CPU.ActiveCfg = Debug|Any CPU
		{D90ED742-7AEC-430F-8DA2-5B088C47C712}.AppStore|Any CPU.Build.0 = Debug|Any CPU
		{D90ED742-7AEC-430F-8DA2-5B088C47C712}.AppStore|iPhone.ActiveCfg = Debug|Any CPU
		{D90ED742-7AEC-430F-8DA2-5B088C47C712}.AppStore|iPhone.Build.0 = Debug|Any CPU
		{D90ED742-7AEC-430F-8DA2-5B088C47C712}.AppStore|iPhoneSimulator.ActiveCfg = Debug|Any CPU
		{D90ED742-7AEC-430F-8DA2-5B088C47C712}.AppStore|iPhoneSimulator.Build.0 = Debug|Any CPU
		{D90ED742-7AEC-430F-8DA2-5B088C47C712}.Debug|Any CPU.ActiveCfg = Debug|Any CPU
		{D90ED742-7AEC-430F-8DA2-5B088C47C712}.Debug|Any CPU.Build.0 = Debug|Any CPU
		{D90ED742-7AEC-430F-8DA2-5B088C47C712}.Debug|iPhone.ActiveCfg = Debug|Any CPU
		{D90ED742-7AEC-430F-8DA2-5B088C47C712}.Debug|iPhone.Build.0 = Debug|Any CPU
		{D90ED742-7AEC-430F-8DA2-5B088C47C712}.Debug|iPhoneSimulator.ActiveCfg = Debug|Any CPU
		{D90ED742-7AEC-430F-8DA2-5B088C47C712}.Debug|iPhoneSimulator.Build.0 = Debug|Any CPU
		{D90ED742-7AEC-430F-8DA2-5B088C47C712}.Release|Any CPU.ActiveCfg = Release|Any CPU
		{D90ED742-7AEC-430F-8DA2-5B088C47C712}.Release|Any CPU.Build.0 = Release|Any CPU
		{D90ED742-7AEC-430F-8DA2-5B088C47C712}.Release|iPhone.ActiveCfg = Release|Any CPU
		{D90ED742-7AEC-430F-8DA2-5B088C47C712}.Release|iPhone.Build.0 = Release|Any CPU
		{D90ED742-7AEC-430F-8DA2-5B088C47C712}.Release|iPhoneSimulator.ActiveCfg = Release|Any CPU
		{D90ED742-7AEC-430F-8DA2-5B088C47C712}.Release|iPhoneSimulator.Build.0 = Release|Any CPU
		{0B21B9E6-B0A4-4FF0-A76A-F9E139EE4BAA}.Ad-Hoc|Any CPU.ActiveCfg = Release|Any CPU
		{0B21B9E6-B0A4-4FF0-A76A-F9E139EE4BAA}.Ad-Hoc|Any CPU.Build.0 = Release|Any CPU
		{0B21B9E6-B0A4-4FF0-A76A-F9E139EE4BAA}.Ad-Hoc|Any CPU.Deploy.0 = Release|Any CPU
		{0B21B9E6-B0A4-4FF0-A76A-F9E139EE4BAA}.Ad-Hoc|iPhone.ActiveCfg = Release|Any CPU
		{0B21B9E6-B0A4-4FF0-A76A-F9E139EE4BAA}.Ad-Hoc|iPhone.Build.0 = Release|Any CPU
		{0B21B9E6-B0A4-4FF0-A76A-F9E139EE4BAA}.Ad-Hoc|iPhone.Deploy.0 = Release|Any CPU
		{0B21B9E6-B0A4-4FF0-A76A-F9E139EE4BAA}.Ad-Hoc|iPhoneSimulator.ActiveCfg = Release|Any CPU
		{0B21B9E6-B0A4-4FF0-A76A-F9E139EE4BAA}.Ad-Hoc|iPhoneSimulator.Build.0 = Release|Any CPU
		{0B21B9E6-B0A4-4FF0-A76A-F9E139EE4BAA}.Ad-Hoc|iPhoneSimulator.Deploy.0 = Release|Any CPU
		{0B21B9E6-B0A4-4FF0-A76A-F9E139EE4BAA}.AppStore|Any CPU.ActiveCfg = Release|Any CPU
		{0B21B9E6-B0A4-4FF0-A76A-F9E139EE4BAA}.AppStore|Any CPU.Build.0 = Release|Any CPU
		{0B21B9E6-B0A4-4FF0-A76A-F9E139EE4BAA}.AppStore|Any CPU.Deploy.0 = Release|Any CPU
		{0B21B9E6-B0A4-4FF0-A76A-F9E139EE4BAA}.AppStore|iPhone.ActiveCfg = Release|Any CPU
		{0B21B9E6-B0A4-4FF0-A76A-F9E139EE4BAA}.AppStore|iPhone.Build.0 = Release|Any CPU
		{0B21B9E6-B0A4-4FF0-A76A-F9E139EE4BAA}.AppStore|iPhone.Deploy.0 = Release|Any CPU
		{0B21B9E6-B0A4-4FF0-A76A-F9E139EE4BAA}.AppStore|iPhoneSimulator.ActiveCfg = Release|Any CPU
		{0B21B9E6-B0A4-4FF0-A76A-F9E139EE4BAA}.AppStore|iPhoneSimulator.Build.0 = Release|Any CPU
		{0B21B9E6-B0A4-4FF0-A76A-F9E139EE4BAA}.AppStore|iPhoneSimulator.Deploy.0 = Release|Any CPU
		{0B21B9E6-B0A4-4FF0-A76A-F9E139EE4BAA}.Debug|Any CPU.ActiveCfg = Debug|Any CPU
		{0B21B9E6-B0A4-4FF0-A76A-F9E139EE4BAA}.Debug|Any CPU.Build.0 = Debug|Any CPU
		{0B21B9E6-B0A4-4FF0-A76A-F9E139EE4BAA}.Debug|Any CPU.Deploy.0 = Debug|Any CPU
		{0B21B9E6-B0A4-4FF0-A76A-F9E139EE4BAA}.Debug|iPhone.ActiveCfg = Debug|Any CPU
		{0B21B9E6-B0A4-4FF0-A76A-F9E139EE4BAA}.Debug|iPhone.Build.0 = Debug|Any CPU
		{0B21B9E6-B0A4-4FF0-A76A-F9E139EE4BAA}.Debug|iPhone.Deploy.0 = Debug|Any CPU
		{0B21B9E6-B0A4-4FF0-A76A-F9E139EE4BAA}.Debug|iPhoneSimulator.ActiveCfg = Debug|Any CPU
		{0B21B9E6-B0A4-4FF0-A76A-F9E139EE4BAA}.Debug|iPhoneSimulator.Build.0 = Debug|Any CPU
		{0B21B9E6-B0A4-4FF0-A76A-F9E139EE4BAA}.Debug|iPhoneSimulator.Deploy.0 = Debug|Any CPU
		{0B21B9E6-B0A4-4FF0-A76A-F9E139EE4BAA}.Release|Any CPU.ActiveCfg = Release|Any CPU
		{0B21B9E6-B0A4-4FF0-A76A-F9E139EE4BAA}.Release|Any CPU.Build.0 = Release|Any CPU
		{0B21B9E6-B0A4-4FF0-A76A-F9E139EE4BAA}.Release|Any CPU.Deploy.0 = Release|Any CPU
		{0B21B9E6-B0A4-4FF0-A76A-F9E139EE4BAA}.Release|iPhone.ActiveCfg = Release|Any CPU
		{0B21B9E6-B0A4-4FF0-A76A-F9E139EE4BAA}.Release|iPhone.Build.0 = Release|Any CPU
		{0B21B9E6-B0A4-4FF0-A76A-F9E139EE4BAA}.Release|iPhone.Deploy.0 = Release|Any CPU
		{0B21B9E6-B0A4-4FF0-A76A-F9E139EE4BAA}.Release|iPhoneSimulator.ActiveCfg = Release|Any CPU
		{0B21B9E6-B0A4-4FF0-A76A-F9E139EE4BAA}.Release|iPhoneSimulator.Build.0 = Release|Any CPU
		{0B21B9E6-B0A4-4FF0-A76A-F9E139EE4BAA}.Release|iPhoneSimulator.Deploy.0 = Release|Any CPU
		{44D8FE1C-1539-445D-8178-876B514338D4}.Ad-Hoc|Any CPU.ActiveCfg = Ad-Hoc|iPhone
		{44D8FE1C-1539-445D-8178-876B514338D4}.Ad-Hoc|iPhone.ActiveCfg = Ad-Hoc|iPhone
		{44D8FE1C-1539-445D-8178-876B514338D4}.Ad-Hoc|iPhone.Build.0 = Ad-Hoc|iPhone
		{44D8FE1C-1539-445D-8178-876B514338D4}.Ad-Hoc|iPhoneSimulator.ActiveCfg = Ad-Hoc|iPhoneSimulator
		{44D8FE1C-1539-445D-8178-876B514338D4}.Ad-Hoc|iPhoneSimulator.Build.0 = Ad-Hoc|iPhoneSimulator
		{44D8FE1C-1539-445D-8178-876B514338D4}.AppStore|Any CPU.ActiveCfg = AppStore|iPhone
		{44D8FE1C-1539-445D-8178-876B514338D4}.AppStore|iPhone.ActiveCfg = AppStore|iPhone
		{44D8FE1C-1539-445D-8178-876B514338D4}.AppStore|iPhone.Build.0 = AppStore|iPhone
		{44D8FE1C-1539-445D-8178-876B514338D4}.AppStore|iPhoneSimulator.ActiveCfg = AppStore|iPhoneSimulator
		{44D8FE1C-1539-445D-8178-876B514338D4}.AppStore|iPhoneSimulator.Build.0 = AppStore|iPhoneSimulator
		{44D8FE1C-1539-445D-8178-876B514338D4}.Debug|Any CPU.ActiveCfg = Debug|iPhone
		{44D8FE1C-1539-445D-8178-876B514338D4}.Debug|iPhone.ActiveCfg = Debug|iPhone
		{44D8FE1C-1539-445D-8178-876B514338D4}.Debug|iPhone.Build.0 = Debug|iPhone
		{44D8FE1C-1539-445D-8178-876B514338D4}.Debug|iPhoneSimulator.ActiveCfg = Debug|iPhoneSimulator
		{44D8FE1C-1539-445D-8178-876B514338D4}.Debug|iPhoneSimulator.Build.0 = Debug|iPhoneSimulator
		{44D8FE1C-1539-445D-8178-876B514338D4}.Release|Any CPU.ActiveCfg = Release|iPhone
		{44D8FE1C-1539-445D-8178-876B514338D4}.Release|iPhone.ActiveCfg = Release|iPhone
		{44D8FE1C-1539-445D-8178-876B514338D4}.Release|iPhone.Build.0 = Release|iPhone
		{44D8FE1C-1539-445D-8178-876B514338D4}.Release|iPhoneSimulator.ActiveCfg = Release|iPhoneSimulator
		{44D8FE1C-1539-445D-8178-876B514338D4}.Release|iPhoneSimulator.Build.0 = Release|iPhoneSimulator
	EndGlobalSection
	GlobalSection(SolutionProperties) = preSolution
		HideSolutionNode = FALSE
	EndGlobalSection
	GlobalSection(ExtensibilityGlobals) = postSolution
		SolutionGuid = {96E6234E-9158-40AA-B16D-00EEEED06DFD}
	EndGlobalSection
EndGlobal
